
Microsoft Visual Studio Solution File, Format Version 11.00
# Visual Studio 2010
Project("{FAE04EC0-301F-11D3-BF4B-00C04F79EFBC}") = "2D_FightingGame", "Assembly-CSharp-firstpass.csproj", "{2AB86097-D887-1A7A-4847-CAB0511807D2}"
EndProject
Project("{FAE04EC0-301F-11D3-BF4B-00C04F79EFBC}") = "2D_FightingGame", "Assembly-CSharp.csproj", "{0B70274B-AA46-694F-3C39-EBF1BE1B1FBB}"
EndProject
Global
	GlobalSection(SolutionConfigurationPlatforms) = preSolution
		Debug|Any CPU = Debug|Any CPU
		Release|Any CPU = Release|Any CPU
	EndGlobalSection
	GlobalSection(ProjectConfigurationPlatforms) = postSolution
		{2AB86097-D887-1A7A-4847-CAB0511807D2}.Debug|Any CPU.ActiveCfg = Debug|Any CPU
		{2AB86097-D887-1A7A-4847-CAB0511807D2}.Debug|Any CPU.Build.0 = Debug|Any CPU
		{2AB86097-D887-1A7A-4847-CAB0511807D2}.Release|Any CPU.ActiveCfg = Release|Any CPU
		{2AB86097-D887-1A7A-4847-CAB0511807D2}.Release|Any CPU.Build.0 = Release|Any CPU
		{0B70274B-AA46-694F-3C39-EBF1BE1B1FBB}.Debug|Any CPU.ActiveCfg = Debug|Any CPU
		{0B70274B-AA46-694F-3C39-EBF1BE1B1FBB}.Debug|Any CPU.Build.0 = Debug|Any CPU
		{0B70274B-AA46-694F-3C39-EBF1BE1B1FBB}.Release|Any CPU.ActiveCfg = Release|Any CPU
		{0B70274B-AA46-694F-3C39-EBF1BE1B1FBB}.Release|Any CPU.Build.0 = Release|Any CPU
	EndGlobalSection
	GlobalSection(SolutionProperties) = preSolution
		HideSolutionNode = FALSE
	EndGlobalSection
	GlobalSection(MonoDevelopProperties) = preSolution
		StartupItem = Assembly-CSharp.csproj
	EndGlobalSection
EndGlobal
