
Microsoft Visual Studio Solution File, Format Version 12.00
# Visual Studio 2015
Project("{FAE04EC0-301F-11D3-BF4B-00C04F79EFBC}") = "2D_FightingGame", "2D_FightingGame.csproj", "{089FA169-A59C-E0AE-0C49-06E6857BCF26}"
EndProject
Global
	GlobalSection(SolutionConfigurationPlatforms) = preSolution
		Debug|Any CPU = Debug|Any CPU
		Release|Any CPU = Release|Any CPU
	EndGlobalSection
	GlobalSection(ProjectConfigurationPlatforms) = postSolution
		{089FA169-A59C-E0AE-0C49-06E6857BCF26}.Debug|Any CPU.ActiveCfg = Debug|Any CPU
		{089FA169-A59C-E0AE-0C49-06E6857BCF26}.Debug|Any CPU.Build.0 = Debug|Any CPU
		{089FA169-A59C-E0AE-0C49-06E6857BCF26}.Release|Any CPU.ActiveCfg = Release|Any CPU
		{089FA169-A59C-E0AE-0C49-06E6857BCF26}.Release|Any CPU.Build.0 = Release|Any CPU
	EndGlobalSection
	GlobalSection(SolutionProperties) = preSolution
		HideSolutionNode = FALSE
	EndGlobalSection
EndGlobal
